// !$*UTF8*$!
{
	archiveVersion = 1;
	classes = {
	};
	objectVersion = 56;
	objects = {

/* Begin PBXBuildFile section */
		5344453C2978162C009C0490 /* Daily_BugleApp.swift in Sources */ = {isa = PBXBuildFile; fileRef = 5344453B2978162C009C0490 /* Daily_BugleApp.swift */; };
		5344453E2978162C009C0490 /* ContentView.swift in Sources */ = {isa = PBXBuildFile; fileRef = 5344453D2978162C009C0490 /* ContentView.swift */; };
		534445402978162C009C0490 /* Assets.xcassets in Resources */ = {isa = PBXBuildFile; fileRef = 5344453F2978162C009C0490 /* Assets.xcassets */; };
		534445432978162C009C0490 /* Preview Assets.xcassets in Resources */ = {isa = PBXBuildFile; fileRef = 534445422978162C009C0490 /* Preview Assets.xcassets */; };
		534445482978162C009C0490 /* Daily_Bugle.xcdatamodeld in Sources */ = {isa = PBXBuildFile; fileRef = 534445462978162C009C0490 /* Daily_Bugle.xcdatamodeld */; };
		534445522978162C009C0490 /* Daily_BugleTests.swift in Sources */ = {isa = PBXBuildFile; fileRef = 534445512978162C009C0490 /* Daily_BugleTests.swift */; };
		5344455C2978162C009C0490 /* Daily_BugleUITests.swift in Sources */ = {isa = PBXBuildFile; fileRef = 5344455B2978162C009C0490 /* Daily_BugleUITests.swift */; };
		5344455E2978162C009C0490 /* Daily_BugleUITestsLaunchTests.swift in Sources */ = {isa = PBXBuildFile; fileRef = 5344455D2978162C009C0490 /* Daily_BugleUITestsLaunchTests.swift */; };
		5344456E29781724009C0490 /* Article.swift in Sources */ = {isa = PBXBuildFile; fileRef = 5344456D29781724009C0490 /* Article.swift */; };
		534445702978176F009C0490 /* NetworkError.swift in Sources */ = {isa = PBXBuildFile; fileRef = 5344456F2978176F009C0490 /* NetworkError.swift */; };
		534445712978176F009C0490 /* NetworkError.swift in Sources */ = {isa = PBXBuildFile; fileRef = 5344456F2978176F009C0490 /* NetworkError.swift */; };
		534445722978176F009C0490 /* NetworkError.swift in Sources */ = {isa = PBXBuildFile; fileRef = 5344456F2978176F009C0490 /* NetworkError.swift */; };
		53444574297817DD009C0490 /* ArticleBackend.swift in Sources */ = {isa = PBXBuildFile; fileRef = 53444573297817DD009C0490 /* ArticleBackend.swift */; };
		53444575297817DD009C0490 /* ArticleBackend.swift in Sources */ = {isa = PBXBuildFile; fileRef = 53444573297817DD009C0490 /* ArticleBackend.swift */; };
		53444576297817DD009C0490 /* ArticleBackend.swift in Sources */ = {isa = PBXBuildFile; fileRef = 53444573297817DD009C0490 /* ArticleBackend.swift */; };
		53A1D49A2978FEB900A60A5E /* ArticleService.swift in Sources */ = {isa = PBXBuildFile; fileRef = 53A1D4992978FEB900A60A5E /* ArticleService.swift */; };
		53A1D4A02979AFA300A60A5E /* NewsFetcher.swift in Sources */ = {isa = PBXBuildFile; fileRef = 53A1D49F2979AFA300A60A5E /* NewsFetcher.swift */; };
		53A1D4A22979B2CC00A60A5E /* NewsListView.swift in Sources */ = {isa = PBXBuildFile; fileRef = 53A1D4A12979B2CC00A60A5E /* NewsListView.swift */; };
		53A1D4A42979B2DD00A60A5E /* LoadingView.swift in Sources */ = {isa = PBXBuildFile; fileRef = 53A1D4A32979B2DD00A60A5E /* LoadingView.swift */; };
		53A1D4A62979B2E600A60A5E /* ErrorView.swift in Sources */ = {isa = PBXBuildFile; fileRef = 53A1D4A52979B2E600A60A5E /* ErrorView.swift */; };
		53D507802979EE2A002052B4 /* NewsRow.swift in Sources */ = {isa = PBXBuildFile; fileRef = 53D5077F2979EE2A002052B4 /* NewsRow.swift */; };
/* End PBXBuildFile section */

/* Begin PBXContainerItemProxy section */
		5344454E2978162C009C0490 /* PBXContainerItemProxy */ = {
			isa = PBXContainerItemProxy;
			containerPortal = 534445302978162C009C0490 /* Project object */;
			proxyType = 1;
			remoteGlobalIDString = 534445372978162C009C0490;
			remoteInfo = "Daily Bugle";
		};
		534445582978162C009C0490 /* PBXContainerItemProxy */ = {
			isa = PBXContainerItemProxy;
			containerPortal = 534445302978162C009C0490 /* Project object */;
			proxyType = 1;
			remoteGlobalIDString = 534445372978162C009C0490;
			remoteInfo = "Daily Bugle";
		};
/* End PBXContainerItemProxy section */

/* Begin PBXFileReference section */
		534445382978162C009C0490 /* Daily Bugle.app */ = {isa = PBXFileReference; explicitFileType = wrapper.application; includeInIndex = 0; path = "Daily Bugle.app"; sourceTree = BUILT_PRODUCTS_DIR; };
		5344453B2978162C009C0490 /* Daily_BugleApp.swift */ = {isa = PBXFileReference; lastKnownFileType = sourcecode.swift; path = Daily_BugleApp.swift; sourceTree = "<group>"; };
		5344453D2978162C009C0490 /* ContentView.swift */ = {isa = PBXFileReference; lastKnownFileType = sourcecode.swift; path = ContentView.swift; sourceTree = "<group>"; };
		5344453F2978162C009C0490 /* Assets.xcassets */ = {isa = PBXFileReference; lastKnownFileType = folder.assetcatalog; path = Assets.xcassets; sourceTree = "<group>"; };
		534445422978162C009C0490 /* Preview Assets.xcassets */ = {isa = PBXFileReference; lastKnownFileType = folder.assetcatalog; path = "Preview Assets.xcassets"; sourceTree = "<group>"; };
		534445472978162C009C0490 /* Daily_Bugle.xcdatamodel */ = {isa = PBXFileReference; lastKnownFileType = wrapper.xcdatamodel; path = Daily_Bugle.xcdatamodel; sourceTree = "<group>"; };
		5344454D2978162C009C0490 /* Daily BugleTests.xctest */ = {isa = PBXFileReference; explicitFileType = wrapper.cfbundle; includeInIndex = 0; path = "Daily BugleTests.xctest"; sourceTree = BUILT_PRODUCTS_DIR; };
		534445512978162C009C0490 /* Daily_BugleTests.swift */ = {isa = PBXFileReference; lastKnownFileType = sourcecode.swift; path = Daily_BugleTests.swift; sourceTree = "<group>"; };
		534445572978162C009C0490 /* Daily BugleUITests.xctest */ = {isa = PBXFileReference; explicitFileType = wrapper.cfbundle; includeInIndex = 0; path = "Daily BugleUITests.xctest"; sourceTree = BUILT_PRODUCTS_DIR; };
		5344455B2978162C009C0490 /* Daily_BugleUITests.swift */ = {isa = PBXFileReference; lastKnownFileType = sourcecode.swift; path = Daily_BugleUITests.swift; sourceTree = "<group>"; };
		5344455D2978162C009C0490 /* Daily_BugleUITestsLaunchTests.swift */ = {isa = PBXFileReference; lastKnownFileType = sourcecode.swift; path = Daily_BugleUITestsLaunchTests.swift; sourceTree = "<group>"; };
		5344456D29781724009C0490 /* Article.swift */ = {isa = PBXFileReference; lastKnownFileType = sourcecode.swift; path = Article.swift; sourceTree = "<group>"; };
		5344456F2978176F009C0490 /* NetworkError.swift */ = {isa = PBXFileReference; fileEncoding = 4; lastKnownFileType = sourcecode.swift; path = NetworkError.swift; sourceTree = "<group>"; };
		53444573297817DD009C0490 /* ArticleBackend.swift */ = {isa = PBXFileReference; lastKnownFileType = sourcecode.swift; path = ArticleBackend.swift; sourceTree = "<group>"; };
		53A1D4992978FEB900A60A5E /* ArticleService.swift */ = {isa = PBXFileReference; lastKnownFileType = sourcecode.swift; path = ArticleService.swift; sourceTree = "<group>"; };
		53A1D49F2979AFA300A60A5E /* NewsFetcher.swift */ = {isa = PBXFileReference; lastKnownFileType = sourcecode.swift; path = NewsFetcher.swift; sourceTree = "<group>"; };
		53A1D4A12979B2CC00A60A5E /* NewsListView.swift */ = {isa = PBXFileReference; lastKnownFileType = sourcecode.swift; path = NewsListView.swift; sourceTree = "<group>"; };
		53A1D4A32979B2DD00A60A5E /* LoadingView.swift */ = {isa = PBXFileReference; lastKnownFileType = sourcecode.swift; path = LoadingView.swift; sourceTree = "<group>"; };
		53A1D4A52979B2E600A60A5E /* ErrorView.swift */ = {isa = PBXFileReference; lastKnownFileType = sourcecode.swift; path = ErrorView.swift; sourceTree = "<group>"; };
		53D5077F2979EE2A002052B4 /* NewsRow.swift */ = {isa = PBXFileReference; lastKnownFileType = sourcecode.swift; path = NewsRow.swift; sourceTree = "<group>"; };
/* End PBXFileReference section */

/* Begin PBXFrameworksBuildPhase section */
		534445352978162C009C0490 /* Frameworks */ = {
			isa = PBXFrameworksBuildPhase;
			buildActionMask = 2147483647;
			files = (
			);
			runOnlyForDeploymentPostprocessing = 0;
		};
		5344454A2978162C009C0490 /* Frameworks */ = {
			isa = PBXFrameworksBuildPhase;
			buildActionMask = 2147483647;
			files = (
			);
			runOnlyForDeploymentPostprocessing = 0;
		};
		534445542978162C009C0490 /* Frameworks */ = {
			isa = PBXFrameworksBuildPhase;
			buildActionMask = 2147483647;
			files = (
			);
			runOnlyForDeploymentPostprocessing = 0;
		};
/* End PBXFrameworksBuildPhase section */

/* Begin PBXGroup section */
		5344452F2978162C009C0490 = {
			isa = PBXGroup;
			children = (
				5344453A2978162C009C0490 /* Daily Bugle */,
				534445502978162C009C0490 /* Daily BugleTests */,
				5344455A2978162C009C0490 /* Daily BugleUITests */,
				534445392978162C009C0490 /* Products */,
			);
			sourceTree = "<group>";
		};
		534445392978162C009C0490 /* Products */ = {
			isa = PBXGroup;
			children = (
				534445382978162C009C0490 /* Daily Bugle.app */,
				5344454D2978162C009C0490 /* Daily BugleTests.xctest */,
				534445572978162C009C0490 /* Daily BugleUITests.xctest */,
			);
			name = Products;
			sourceTree = "<group>";
		};
		5344453A2978162C009C0490 /* Daily Bugle */ = {
			isa = PBXGroup;
			children = (
				5344456C29781685009C0490 /* ViewModels */,
				5344456B29781676009C0490 /* Service */,
				5344456A29781660009C0490 /* Models */,
				5344453B2978162C009C0490 /* Daily_BugleApp.swift */,
				5344453D2978162C009C0490 /* ContentView.swift */,
				5344453F2978162C009C0490 /* Assets.xcassets */,
				534445462978162C009C0490 /* Daily_Bugle.xcdatamodeld */,
				534445412978162C009C0490 /* Preview Content */,
			);
			path = "Daily Bugle";
			sourceTree = "<group>";
		};
		534445412978162C009C0490 /* Preview Content */ = {
			isa = PBXGroup;
			children = (
				534445422978162C009C0490 /* Preview Assets.xcassets */,
			);
			path = "Preview Content";
			sourceTree = "<group>";
		};
		534445502978162C009C0490 /* Daily BugleTests */ = {
			isa = PBXGroup;
			children = (
				534445512978162C009C0490 /* Daily_BugleTests.swift */,
			);
			path = "Daily BugleTests";
			sourceTree = "<group>";
		};
		5344455A2978162C009C0490 /* Daily BugleUITests */ = {
			isa = PBXGroup;
			children = (
				5344455B2978162C009C0490 /* Daily_BugleUITests.swift */,
				5344455D2978162C009C0490 /* Daily_BugleUITestsLaunchTests.swift */,
			);
			path = "Daily BugleUITests";
			sourceTree = "<group>";
		};
		5344456A29781660009C0490 /* Models */ = {
			isa = PBXGroup;
			children = (
				5344456D29781724009C0490 /* Article.swift */,
				5344456F2978176F009C0490 /* NetworkError.swift */,
			);
			path = Models;
			sourceTree = "<group>";
		};
		5344456B29781676009C0490 /* Service */ = {
			isa = PBXGroup;
			children = (
				53444573297817DD009C0490 /* ArticleBackend.swift */,
				53A1D4992978FEB900A60A5E /* ArticleService.swift */,
				53A1D49F2979AFA300A60A5E /* NewsFetcher.swift */,
			);
			path = Service;
			sourceTree = "<group>";
		};
		5344456C29781685009C0490 /* ViewModels */ = {
			isa = PBXGroup;
			children = (
				53A1D4A12979B2CC00A60A5E /* NewsListView.swift */,
				53D5077F2979EE2A002052B4 /* NewsRow.swift */,
				53A1D4A32979B2DD00A60A5E /* LoadingView.swift */,
				53A1D4A52979B2E600A60A5E /* ErrorView.swift */,
			);
			path = ViewModels;
			sourceTree = "<group>";
		};
/* End PBXGroup section */

/* Begin PBXNativeTarget section */
		534445372978162C009C0490 /* Daily Bugle */ = {
			isa = PBXNativeTarget;
			buildConfigurationList = 534445612978162C009C0490 /* Build configuration list for PBXNativeTarget "Daily Bugle" */;
			buildPhases = (
				534445342978162C009C0490 /* Sources */,
				534445352978162C009C0490 /* Frameworks */,
				534445362978162C009C0490 /* Resources */,
			);
			buildRules = (
			);
			dependencies = (
			);
			name = "Daily Bugle";
			productName = "Daily Bugle";
			productReference = 534445382978162C009C0490 /* Daily Bugle.app */;
			productType = "com.apple.product-type.application";
		};
		5344454C2978162C009C0490 /* Daily BugleTests */ = {
			isa = PBXNativeTarget;
			buildConfigurationList = 534445642978162C009C0490 /* Build configuration list for PBXNativeTarget "Daily BugleTests" */;
			buildPhases = (
				534445492978162C009C0490 /* Sources */,
				5344454A2978162C009C0490 /* Frameworks */,
				5344454B2978162C009C0490 /* Resources */,
			);
			buildRules = (
			);
			dependencies = (
				5344454F2978162C009C0490 /* PBXTargetDependency */,
			);
			name = "Daily BugleTests";
			productName = "Daily BugleTests";
			productReference = 5344454D2978162C009C0490 /* Daily BugleTests.xctest */;
			productType = "com.apple.product-type.bundle.unit-test";
		};
		534445562978162C009C0490 /* Daily BugleUITests */ = {
			isa = PBXNativeTarget;
			buildConfigurationList = 534445672978162C009C0490 /* Build configuration list for PBXNativeTarget "Daily BugleUITests" */;
			buildPhases = (
				534445532978162C009C0490 /* Sources */,
				534445542978162C009C0490 /* Frameworks */,
				534445552978162C009C0490 /* Resources */,
			);
			buildRules = (
			);
			dependencies = (
				534445592978162C009C0490 /* PBXTargetDependency */,
			);
			name = "Daily BugleUITests";
			productName = "Daily BugleUITests";
			productReference = 534445572978162C009C0490 /* Daily BugleUITests.xctest */;
			productType = "com.apple.product-type.bundle.ui-testing";
		};
/* End PBXNativeTarget section */

/* Begin PBXProject section */
		534445302978162C009C0490 /* Project object */ = {
			isa = PBXProject;
			attributes = {
				BuildIndependentTargetsInParallel = 1;
				LastSwiftUpdateCheck = 1410;
				LastUpgradeCheck = 1410;
				TargetAttributes = {
					534445372978162C009C0490 = {
						CreatedOnToolsVersion = 14.1;
					};
					5344454C2978162C009C0490 = {
						CreatedOnToolsVersion = 14.1;
						TestTargetID = 534445372978162C009C0490;
					};
					534445562978162C009C0490 = {
						CreatedOnToolsVersion = 14.1;
						TestTargetID = 534445372978162C009C0490;
					};
				};
			};
			buildConfigurationList = 534445332978162C009C0490 /* Build configuration list for PBXProject "Daily Bugle" */;
			compatibilityVersion = "Xcode 14.0";
			developmentRegion = en;
			hasScannedForEncodings = 0;
			knownRegions = (
				en,
				Base,
			);
			mainGroup = 5344452F2978162C009C0490;
			productRefGroup = 534445392978162C009C0490 /* Products */;
			projectDirPath = "";
			projectRoot = "";
			targets = (
				534445372978162C009C0490 /* Daily Bugle */,
				5344454C2978162C009C0490 /* Daily BugleTests */,
				534445562978162C009C0490 /* Daily BugleUITests */,
			);
		};
/* End PBXProject section */

/* Begin PBXResourcesBuildPhase section */
		534445362978162C009C0490 /* Resources */ = {
			isa = PBXResourcesBuildPhase;
			buildActionMask = 2147483647;
			files = (
				534445432978162C009C0490 /* Preview Assets.xcassets in Resources */,
				534445402978162C009C0490 /* Assets.xcassets in Resources */,
			);
			runOnlyForDeploymentPostprocessing = 0;
		};
		5344454B2978162C009C0490 /* Resources */ = {
			isa = PBXResourcesBuildPhase;
			buildActionMask = 2147483647;
			files = (
			);
			runOnlyForDeploymentPostprocessing = 0;
		};
		534445552978162C009C0490 /* Resources */ = {
			isa = PBXResourcesBuildPhase;
			buildActionMask = 2147483647;
			files = (
			);
			runOnlyForDeploymentPostprocessing = 0;
		};
/* End PBXResourcesBuildPhase section */

/* Begin PBXSourcesBuildPhase section */
		534445342978162C009C0490 /* Sources */ = {
			isa = PBXSourcesBuildPhase;
			buildActionMask = 2147483647;
			files = (
				534445482978162C009C0490 /* Daily_Bugle.xcdatamodeld in Sources */,
				5344453E2978162C009C0490 /* ContentView.swift in Sources */,
				534445702978176F009C0490 /* NetworkError.swift in Sources */,
				53A1D49A2978FEB900A60A5E /* ArticleService.swift in Sources */,
				53D507802979EE2A002052B4 /* NewsRow.swift in Sources */,
				53A1D4A42979B2DD00A60A5E /* LoadingView.swift in Sources */,
				53A1D4A22979B2CC00A60A5E /* NewsListView.swift in Sources */,
				5344453C2978162C009C0490 /* Daily_BugleApp.swift in Sources */,
				53A1D4A02979AFA300A60A5E /* NewsFetcher.swift in Sources */,
				53444574297817DD009C0490 /* ArticleBackend.swift in Sources */,
				5344456E29781724009C0490 /* Article.swift in Sources */,
				53A1D4A62979B2E600A60A5E /* ErrorView.swift in Sources */,
			);
			runOnlyForDeploymentPostprocessing = 0;
		};
		534445492978162C009C0490 /* Sources */ = {
			isa = PBXSourcesBuildPhase;
			buildActionMask = 2147483647;
			files = (
				534445522978162C009C0490 /* Daily_BugleTests.swift in Sources */,
				534445712978176F009C0490 /* NetworkError.swift in Sources */,
				53444575297817DD009C0490 /* ArticleBackend.swift in Sources */,
			);
			runOnlyForDeploymentPostprocessing = 0;
		};
		534445532978162C009C0490 /* Sources */ = {
			isa = PBXSourcesBuildPhase;
			buildActionMask = 2147483647;
			files = (
				534445722978176F009C0490 /* NetworkError.swift in Sources */,
				5344455E2978162C009C0490 /* Daily_BugleUITestsLaunchTests.swift in Sources */,
				5344455C2978162C009C0490 /* Daily_BugleUITests.swift in Sources */,
				53444576297817DD009C0490 /* ArticleBackend.swift in Sources */,
			);
			runOnlyForDeploymentPostprocessing = 0;
		};
/* End PBXSourcesBuildPhase section */

/* Begin PBXTargetDependency section */
		5344454F2978162C009C0490 /* PBXTargetDependency */ = {
			isa = PBXTargetDependency;
			target = 534445372978162C009C0490 /* Daily Bugle */;
			targetProxy = 5344454E2978162C009C0490 /* PBXContainerItemProxy */;
		};
		534445592978162C009C0490 /* PBXTargetDependency */ = {
			isa = PBXTargetDependency;
			target = 534445372978162C009C0490 /* Daily Bugle */;
			targetProxy = 534445582978162C009C0490 /* PBXContainerItemProxy */;
		};
/* End PBXTargetDependency section */

/* Begin XCBuildConfiguration section */
		5344455F2978162C009C0490 /* Debug */ = {
			isa = XCBuildConfiguration;
			buildSettings = {
				ALWAYS_SEARCH_USER_PATHS = NO;
				CLANG_ANALYZER_NONNULL = YES;
				CLANG_ANALYZER_NUMBER_OBJECT_CONVERSION = YES_AGGRESSIVE;
				CLANG_CXX_LANGUAGE_STANDARD = "gnu++20";
				CLANG_ENABLE_MODULES = YES;
				CLANG_ENABLE_OBJC_ARC = YES;
				CLANG_ENABLE_OBJC_WEAK = YES;
				CLANG_WARN_BLOCK_CAPTURE_AUTORELEASING = YES;
				CLANG_WARN_BOOL_CONVERSION = YES;
				CLANG_WARN_COMMA = YES;
				CLANG_WARN_CONSTANT_CONVERSION = YES;
				CLANG_WARN_DEPRECATED_OBJC_IMPLEMENTATIONS = YES;
				CLANG_WARN_DIRECT_OBJC_ISA_USAGE = YES_ERROR;
				CLANG_WARN_DOCUMENTATION_COMMENTS = YES;
				CLANG_WARN_EMPTY_BODY = YES;
				CLANG_WARN_ENUM_CONVERSION = YES;
				CLANG_WARN_INFINITE_RECURSION = YES;
				CLANG_WARN_INT_CONVERSION = YES;
				CLANG_WARN_NON_LITERAL_NULL_CONVERSION = YES;
				CLANG_WARN_OBJC_IMPLICIT_RETAIN_SELF = YES;
				CLANG_WARN_OBJC_LITERAL_CONVERSION = YES;
				CLANG_WARN_OBJC_ROOT_CLASS = YES_ERROR;
				CLANG_WARN_QUOTED_INCLUDE_IN_FRAMEWORK_HEADER = YES;
				CLANG_WARN_RANGE_LOOP_ANALYSIS = YES;
				CLANG_WARN_STRICT_PROTOTYPES = YES;
				CLANG_WARN_SUSPICIOUS_MOVE = YES;
				CLANG_WARN_UNGUARDED_AVAILABILITY = YES_AGGRESSIVE;
				CLANG_WARN_UNREACHABLE_CODE = YES;
				CLANG_WARN__DUPLICATE_METHOD_MATCH = YES;
				COPY_PHASE_STRIP = NO;
				DEBUG_INFORMATION_FORMAT = dwarf;
				ENABLE_STRICT_OBJC_MSGSEND = YES;
				ENABLE_TESTABILITY = YES;
				GCC_C_LANGUAGE_STANDARD = gnu11;
				GCC_DYNAMIC_NO_PIC = NO;
				GCC_NO_COMMON_BLOCKS = YES;
				GCC_OPTIMIZATION_LEVEL = 0;
				GCC_PREPROCESSOR_DEFINITIONS = (
					"DEBUG=1",
					"$(inherited)",
				);
				GCC_WARN_64_TO_32_BIT_CONVERSION = YES;
				GCC_WARN_ABOUT_RETURN_TYPE = YES_ERROR;
				GCC_WARN_UNDECLARED_SELECTOR = YES;
				GCC_WARN_UNINITIALIZED_AUTOS = YES_AGGRESSIVE;
				GCC_WARN_UNUSED_FUNCTION = YES;
				GCC_WARN_UNUSED_VARIABLE = YES;
				IPHONEOS_DEPLOYMENT_TARGET = 16.1;
				MTL_ENABLE_DEBUG_INFO = INCLUDE_SOURCE;
				MTL_FAST_MATH = YES;
				ONLY_ACTIVE_ARCH = YES;
				SDKROOT = iphoneos;
				SWIFT_ACTIVE_COMPILATION_CONDITIONS = DEBUG;
				SWIFT_OPTIMIZATION_LEVEL = "-Onone";
			};
			name = Debug;
		};
		534445602978162C009C0490 /* Release */ = {
			isa = XCBuildConfiguration;
			buildSettings = {
				ALWAYS_SEARCH_USER_PATHS = NO;
				CLANG_ANALYZER_NONNULL = YES;
				CLANG_ANALYZER_NUMBER_OBJECT_CONVERSION = YES_AGGRESSIVE;
				CLANG_CXX_LANGUAGE_STANDARD = "gnu++20";
				CLANG_ENABLE_MODULES = YES;
				CLANG_ENABLE_OBJC_ARC = YES;
				CLANG_ENABLE_OBJC_WEAK = YES;
				CLANG_WARN_BLOCK_CAPTURE_AUTORELEASING = YES;
				CLANG_WARN_BOOL_CONVERSION = YES;
				CLANG_WARN_COMMA = YES;
				CLANG_WARN_CONSTANT_CONVERSION = YES;
				CLANG_WARN_DEPRECATED_OBJC_IMPLEMENTATIONS = YES;
				CLANG_WARN_DIRECT_OBJC_ISA_USAGE = YES_ERROR;
				CLANG_WARN_DOCUMENTATION_COMMENTS = YES;
				CLANG_WARN_EMPTY_BODY = YES;
				CLANG_WARN_ENUM_CONVERSION = YES;
				CLANG_WARN_INFINITE_RECURSION = YES;
				CLANG_WARN_INT_CONVERSION = YES;
				CLANG_WARN_NON_LITERAL_NULL_CONVERSION = YES;
				CLANG_WARN_OBJC_IMPLICIT_RETAIN_SELF = YES;
				CLANG_WARN_OBJC_LITERAL_CONVERSION = YES;
				CLANG_WARN_OBJC_ROOT_CLASS = YES_ERROR;
				CLANG_WARN_QUOTED_INCLUDE_IN_FRAMEWORK_HEADER = YES;
				CLANG_WARN_RANGE_LOOP_ANALYSIS = YES;
				CLANG_WARN_STRICT_PROTOTYPES = YES;
				CLANG_WARN_SUSPICIOUS_MOVE = YES;
				CLANG_WARN_UNGUARDED_AVAILABILITY = YES_AGGRESSIVE;
				CLANG_WARN_UNREACHABLE_CODE = YES;
				CLANG_WARN__DUPLICATE_METHOD_MATCH = YES;
				COPY_PHASE_STRIP = NO;
				DEBUG_INFORMATION_FORMAT = "dwarf-with-dsym";
				ENABLE_NS_ASSERTIONS = NO;
				ENABLE_STRICT_OBJC_MSGSEND = YES;
				GCC_C_LANGUAGE_STANDARD = gnu11;
				GCC_NO_COMMON_BLOCKS = YES;
				GCC_WARN_64_TO_32_BIT_CONVERSION = YES;
				GCC_WARN_ABOUT_RETURN_TYPE = YES_ERROR;
				GCC_WARN_UNDECLARED_SELECTOR = YES;
				GCC_WARN_UNINITIALIZED_AUTOS = YES_AGGRESSIVE;
				GCC_WARN_UNUSED_FUNCTION = YES;
				GCC_WARN_UNUSED_VARIABLE = YES;
				IPHONEOS_DEPLOYMENT_TARGET = 16.1;
				MTL_ENABLE_DEBUG_INFO = NO;
				MTL_FAST_MATH = YES;
				SDKROOT = iphoneos;
				SWIFT_COMPILATION_MODE = wholemodule;
				SWIFT_OPTIMIZATION_LEVEL = "-O";
				VALIDATE_PRODUCT = YES;
			};
			name = Release;
		};
		534445622978162C009C0490 /* Debug */ = {
			isa = XCBuildConfiguration;
			buildSettings = {
				ASSETCATALOG_COMPILER_APPICON_NAME = AppIcon;
				ASSETCATALOG_COMPILER_GLOBAL_ACCENT_COLOR_NAME = AccentColor;
				CODE_SIGN_STYLE = Automatic;
				CURRENT_PROJECT_VERSION = 1;
				DEVELOPMENT_ASSET_PATHS = "\"Daily Bugle/Preview Content\"";
				ENABLE_PREVIEWS = YES;
				GENERATE_INFOPLIST_FILE = YES;
				INFOPLIST_KEY_UIApplicationSceneManifest_Generation = YES;
				INFOPLIST_KEY_UIApplicationSupportsIndirectInputEvents = YES;
				INFOPLIST_KEY_UILaunchScreen_Generation = YES;
				INFOPLIST_KEY_UISupportedInterfaceOrientations_iPad = "UIInterfaceOrientationPortrait UIInterfaceOrientationPortraitUpsideDown UIInterfaceOrientationLandscapeLeft UIInterfaceOrientationLandscapeRight";
				INFOPLIST_KEY_UISupportedInterfaceOrientations_iPhone = "UIInterfaceOrientationPortrait UIInterfaceOrientationLandscapeLeft UIInterfaceOrientationLandscapeRight";
				LD_RUNPATH_SEARCH_PATHS = (
					"$(inherited)",
					"@executable_path/Frameworks",
				);
				MARKETING_VERSION = 1.0;
				PRODUCT_BUNDLE_IDENTIFIER = "com.seventyseven.Daily-Bugle";
				PRODUCT_NAME = "$(TARGET_NAME)";
				SWIFT_EMIT_LOC_STRINGS = YES;
				SWIFT_VERSION = 5.0;
				TARGETED_DEVICE_FAMILY = "1,2";
			};
			name = Debug;
		};
		534445632978162C009C0490 /* Release */ = {
			isa = XCBuildConfiguration;
			buildSettings = {
				ASSETCATALOG_COMPILER_APPICON_NAME = AppIcon;
				ASSETCATALOG_COMPILER_GLOBAL_ACCENT_COLOR_NAME = AccentColor;
				CODE_SIGN_STYLE = Automatic;
				CURRENT_PROJECT_VERSION = 1;
				DEVELOPMENT_ASSET_PATHS = "\"Daily Bugle/Preview Content\"";
				ENABLE_PREVIEWS = YES;
				GENERATE_INFOPLIST_FILE = YES;
				INFOPLIST_KEY_UIApplicationSceneManifest_Generation = YES;
				INFOPLIST_KEY_UIApplicationSupportsIndirectInputEvents = YES;
				INFOPLIST_KEY_UILaunchScreen_Generation = YES;
				INFOPLIST_KEY_UISupportedInterfaceOrientations_iPad = "UIInterfaceOrientationPortrait UIInterfaceOrientationPortraitUpsideDown UIInterfaceOrientationLandscapeLeft UIInterfaceOrientationLandscapeRight";
				INFOPLIST_KEY_UISupportedInterfaceOrientations_iPhone = "UIInterfaceOrientationPortrait UIInterfaceOrientationLandscapeLeft UIInterfaceOrientationLandscapeRight";
				LD_RUNPATH_SEARCH_PATHS = (
					"$(inherited)",
					"@executable_path/Frameworks",
				);
				MARKETING_VERSION = 1.0;
				PRODUCT_BUNDLE_IDENTIFIER = "com.seventyseven.Daily-Bugle";
				PRODUCT_NAME = "$(TARGET_NAME)";
				SWIFT_EMIT_LOC_STRINGS = YES;
				SWIFT_VERSION = 5.0;
				TARGETED_DEVICE_FAMILY = "1,2";
			};
			name = Release;
		};
		534445652978162C009C0490 /* Debug */ = {
			isa = XCBuildConfiguration;
			buildSettings = {
				ALWAYS_EMBED_SWIFT_STANDARD_LIBRARIES = YES;
				BUNDLE_LOADER = "$(TEST_HOST)";
				CODE_SIGN_STYLE = Automatic;
				CURRENT_PROJECT_VERSION = 1;
				GENERATE_INFOPLIST_FILE = YES;
				IPHONEOS_DEPLOYMENT_TARGET = 16.1;
				MARKETING_VERSION = 1.0;
				PRODUCT_BUNDLE_IDENTIFIER = "com.seventyseven.Daily-BugleTests";
				PRODUCT_NAME = "$(TARGET_NAME)";
				SWIFT_EMIT_LOC_STRINGS = NO;
				SWIFT_VERSION = 5.0;
				TARGETED_DEVICE_FAMILY = "1,2";
				TEST_HOST = "$(BUILT_PRODUCTS_DIR)/Daily Bugle.app/$(BUNDLE_EXECUTABLE_FOLDER_PATH)/Daily Bugle";
			};
			name = Debug;
		};
		534445662978162C009C0490 /* Release */ = {
			isa = XCBuildConfiguration;
			buildSettings = {
				ALWAYS_EMBED_SWIFT_STANDARD_LIBRARIES = YES;
				BUNDLE_LOADER = "$(TEST_HOST)";
				CODE_SIGN_STYLE = Automatic;
				CURRENT_PROJECT_VERSION = 1;
				GENERATE_INFOPLIST_FILE = YES;
				IPHONEOS_DEPLOYMENT_TARGET = 16.1;
				MARKETING_VERSION = 1.0;
				PRODUCT_BUNDLE_IDENTIFIER = "com.seventyseven.Daily-BugleTests";
				PRODUCT_NAME = "$(TARGET_NAME)";
				SWIFT_EMIT_LOC_STRINGS = NO;
				SWIFT_VERSION = 5.0;
				TARGETED_DEVICE_FAMILY = "1,2";
				TEST_HOST = "$(BUILT_PRODUCTS_DIR)/Daily Bugle.app/$(BUNDLE_EXECUTABLE_FOLDER_PATH)/Daily Bugle";
			};
			name = Release;
		};
		534445682978162C009C0490 /* Debug */ = {
			isa = XCBuildConfiguration;
			buildSettings = {
				ALWAYS_EMBED_SWIFT_STANDARD_LIBRARIES = YES;
				CODE_SIGN_STYLE = Automatic;
				CURRENT_PROJECT_VERSION = 1;
				GENERATE_INFOPLIST_FILE = YES;
				MARKETING_VERSION = 1.0;
				PRODUCT_BUNDLE_IDENTIFIER = "com.seventyseven.Daily-BugleUITests";
				PRODUCT_NAME = "$(TARGET_NAME)";
				SWIFT_EMIT_LOC_STRINGS = NO;
				SWIFT_VERSION = 5.0;
				TARGETED_DEVICE_FAMILY = "1,2";
				TEST_TARGET_NAME = "Daily Bugle";
			};
			name = Debug;
		};
		534445692978162C009C0490 /* Release */ = {
			isa = XCBuildConfiguration;
			buildSettings = {
				ALWAYS_EMBED_SWIFT_STANDARD_LIBRARIES = YES;
				CODE_SIGN_STYLE = Automatic;
				CURRENT_PROJECT_VERSION = 1;
				GENERATE_INFOPLIST_FILE = YES;
				MARKETING_VERSION = 1.0;
				PRODUCT_BUNDLE_IDENTIFIER = "com.seventyseven.Daily-BugleUITests";
				PRODUCT_NAME = "$(TARGET_NAME)";
				SWIFT_EMIT_LOC_STRINGS = NO;
				SWIFT_VERSION = 5.0;
				TARGETED_DEVICE_FAMILY = "1,2";
				TEST_TARGET_NAME = "Daily Bugle";
			};
			name = Release;
		};
/* End XCBuildConfiguration section */

/* Begin XCConfigurationList section */
		534445332978162C009C0490 /* Build configuration list for PBXProject "Daily Bugle" */ = {
			isa = XCConfigurationList;
			buildConfigurations = (
				5344455F2978162C009C0490 /* Debug */,
				534445602978162C009C0490 /* Release */,
			);
			defaultConfigurationIsVisible = 0;
			defaultConfigurationName = Release;
		};
		534445612978162C009C0490 /* Build configuration list for PBXNativeTarget "Daily Bugle" */ = {
			isa = XCConfigurationList;
			buildConfigurations = (
				534445622978162C009C0490 /* Debug */,
				534445632978162C009C0490 /* Release */,
			);
			defaultConfigurationIsVisible = 0;
			defaultConfigurationName = Release;
		};
		534445642978162C009C0490 /* Build configuration list for PBXNativeTarget "Daily BugleTests" */ = {
			isa = XCConfigurationList;
			buildConfigurations = (
				534445652978162C009C0490 /* Debug */,
				534445662978162C009C0490 /* Release */,
			);
			defaultConfigurationIsVisible = 0;
			defaultConfigurationName = Release;
		};
		534445672978162C009C0490 /* Build configuration list for PBXNativeTarget "Daily BugleUITests" */ = {
			isa = XCConfigurationList;
			buildConfigurations = (
				534445682978162C009C0490 /* Debug */,
				534445692978162C009C0490 /* Release */,
			);
			defaultConfigurationIsVisible = 0;
			defaultConfigurationName = Release;
		};
/* End XCConfigurationList section */

/* Begin XCVersionGroup section */
		534445462978162C009C0490 /* Daily_Bugle.xcdatamodeld */ = {
			isa = XCVersionGroup;
			children = (
				534445472978162C009C0490 /* Daily_Bugle.xcdatamodel */,
			);
			currentVersion = 534445472978162C009C0490 /* Daily_Bugle.xcdatamodel */;
			path = Daily_Bugle.xcdatamodeld;
			sourceTree = "<group>";
			versionGroupType = wrapper.xcdatamodel;
		};
/* End XCVersionGroup section */
	};
	rootObject = 534445302978162C009C0490 /* Project object */;
}
